// !$*UTF8*$!
{
	archiveVersion = 1;
	classes = {
	};
	objectVersion = 56;
	objects = {

/* Begin PBXBuildFile section */
		A0D794B52BBF2EB400461DE0 /* AppDelegate.swift in Sources */ = {isa = PBXBuildFile; fileRef = A0D794B42BBF2EB400461DE0 /* AppDelegate.swift */; };
		A0D794B72BBF2EB400461DE0 /* SceneDelegate.swift in Sources */ = {isa = PBXBuildFile; fileRef = A0D794B62BBF2EB400461DE0 /* SceneDelegate.swift */; };
		A0D794B92BBF2EB400461DE0 /* ViewController.swift in Sources */ = {isa = PBXBuildFile; fileRef = A0D794B82BBF2EB400461DE0 /* ViewController.swift */; };
		A0D794BC2BBF2EB400461DE0 /* Base in Resources */ = {isa = PBXBuildFile; fileRef = A0D794BB2BBF2EB400461DE0 /* Base */; };
		A0D794BF2BBF2EB400461DE0 /* alpha.xcdatamodeld in Sources */ = {isa = PBXBuildFile; fileRef = A0D794BD2BBF2EB400461DE0 /* alpha.xcdatamodeld */; };
		A0D794C12BBF2EB600461DE0 /* Assets.xcassets in Resources */ = {isa = PBXBuildFile; fileRef = A0D794C02BBF2EB600461DE0 /* Assets.xcassets */; };
		A0D794C42BBF2EB600461DE0 /* Base in Resources */ = {isa = PBXBuildFile; fileRef = A0D794C32BBF2EB600461DE0 /* Base */; };
/* End PBXBuildFile section */

/* Begin PBXFileReference section */
		A0D794B12BBF2EB400461DE0 /* alpha.app */ = {isa = PBXFileReference; explicitFileType = wrapper.application; includeInIndex = 0; path = alpha.app; sourceTree = BUILT_PRODUCTS_DIR; };
		A0D794B42BBF2EB400461DE0 /* AppDelegate.swift */ = {isa = PBXFileReference; lastKnownFileType = sourcecode.swift; path = AppDelegate.swift; sourceTree = "<group>"; };
		A0D794B62BBF2EB400461DE0 /* SceneDelegate.swift */ = {isa = PBXFileReference; lastKnownFileType = sourcecode.swift; path = SceneDelegate.swift; sourceTree = "<group>"; };
		A0D794B82BBF2EB400461DE0 /* ViewController.swift */ = {isa = PBXFileReference; lastKnownFileType = sourcecode.swift; path = ViewController.swift; sourceTree = "<group>"; };
		A0D794BB2BBF2EB400461DE0 /* Base */ = {isa = PBXFileReference; lastKnownFileType = file.storyboard; name = Base; path = Base.lproj/Main.storyboard; sourceTree = "<group>"; };
		A0D794BE2BBF2EB400461DE0 /* alpha.xcdatamodel */ = {isa = PBXFileReference; lastKnownFileType = wrapper.xcdatamodel; path = alpha.xcdatamodel; sourceTree = "<group>"; };
		A0D794C02BBF2EB600461DE0 /* Assets.xcassets */ = {isa = PBXFileReference; lastKnownFileType = folder.assetcatalog; path = Assets.xcassets; sourceTree = "<group>"; };
		A0D794C32BBF2EB600461DE0 /* Base */ = {isa = PBXFileReference; lastKnownFileType = file.storyboard; name = Base; path = Base.lproj/LaunchScreen.storyboard; sourceTree = "<group>"; };
		A0D794C52BBF2EB600461DE0 /* Info.plist */ = {isa = PBXFileReference; lastKnownFileType = text.plist.xml; path = Info.plist; sourceTree = "<group>"; };
/* End PBXFileReference section */

/* Begin PBXFrameworksBuildPhase section */
		A0D794AE2BBF2EB400461DE0 /* Frameworks */ = {
			isa = PBXFrameworksBuildPhase;
			buildActionMask = 2147483647;
			files = (
			);
			runOnlyForDeploymentPostprocessing = 0;
		};
/* End PBXFrameworksBuildPhase section */

/* Begin PBXGroup section */
		A0D794A82BBF2EB400461DE0 = {
			isa = PBXGroup;
			children = (
				A0D794B32BBF2EB400461DE0 /* alpha */,
				A0D794B22BBF2EB400461DE0 /* Products */,
			);
			sourceTree = "<group>";
		};
		A0D794B22BBF2EB400461DE0 /* Products */ = {
			isa = PBXGroup;
			children = (
				A0D794B12BBF2EB400461DE0 /* alpha.app */,
			);
			name = Products;
			sourceTree = "<group>";
		};
		A0D794B32BBF2EB400461DE0 /* alpha */ = {
			isa = PBXGroup;
			children = (
				A0D794B42BBF2EB400461DE0 /* AppDelegate.swift */,
				A0D794B62BBF2EB400461DE0 /* SceneDelegate.swift */,
				A0D794B82BBF2EB400461DE0 /* ViewController.swift */,
				A0D794BA2BBF2EB400461DE0 /* Main.storyboard */,
				A0D794C02BBF2EB600461DE0 /* Assets.xcassets */,
				A0D794C22BBF2EB600461DE0 /* LaunchScreen.storyboard */,
				A0D794C52BBF2EB600461DE0 /* Info.plist */,
				A0D794BD2BBF2EB400461DE0 /* alpha.xcdatamodeld */,
			);
			path = alpha;
			sourceTree = "<group>";
		};
/* End PBXGroup section */

/* Begin PBXNativeTarget section */
		A0D794B02BBF2EB400461DE0 /* alpha */ = {
			isa = PBXNativeTarget;
			buildConfigurationList = A0D794C82BBF2EB600461DE0 /* Build configuration list for PBXNativeTarget "alpha" */;
			buildPhases = (
				A0D794AD2BBF2EB400461DE0 /* Sources */,
				A0D794AE2BBF2EB400461DE0 /* Frameworks */,
				A0D794AF2BBF2EB400461DE0 /* Resources */,
			);
			buildRules = (
			);
			dependencies = (
			);
			name = alpha;
			productName = alpha;
			productReference = A0D794B12BBF2EB400461DE0 /* alpha.app */;
			productType = "com.apple.product-type.application";
		};
/* End PBXNativeTarget section */

/* Begin PBXProject section */
		A0D794A92BBF2EB400461DE0 /* Project object */ = {
			isa = PBXProject;
			attributes = {
				BuildIndependentTargetsInParallel = 1;
				LastSwiftUpdateCheck = 1530;
				LastUpgradeCheck = 1530;
				TargetAttributes = {
					A0D794B02BBF2EB400461DE0 = {
						CreatedOnToolsVersion = 15.3;
					};
				};
			};
			buildConfigurationList = A0D794AC2BBF2EB400461DE0 /* Build configuration list for PBXProject "alpha" */;
			compatibilityVersion = "Xcode 14.0";
			developmentRegion = en;
			hasScannedForEncodings = 0;
			knownRegions = (
				en,
				Base,
			);
			mainGroup = A0D794A82BBF2EB400461DE0;
			productRefGroup = A0D794B22BBF2EB400461DE0 /* Products */;
			projectDirPath = "";
			projectRoot = "";
			targets = (
				A0D794B02BBF2EB400461DE0 /* alpha */,
			);
		};
/* End PBXProject section */

/* Begin PBXResourcesBuildPhase section */
		A0D794AF2BBF2EB400461DE0 /* Resources */ = {
			isa = PBXResourcesBuildPhase;
			buildActionMask = 2147483647;
			files = (
				A0D794C12BBF2EB600461DE0 /* Assets.xcassets in Resources */,
				A0D794C42BBF2EB600461DE0 /* Base in Resources */,
				A0D794BC2BBF2EB400461DE0 /* Base in Resources */,
			);
			runOnlyForDeploymentPostprocessing = 0;
		};
/* End PBXResourcesBuildPhase section */

/* Begin PBXSourcesBuildPhase section */
		A0D794AD2BBF2EB400461DE0 /* Sources */ = {
			isa = PBXSourcesBuildPhase;
			buildActionMask = 2147483647;
			files = (
				A0D794BF2BBF2EB400461DE0 /* alpha.xcdatamodeld in Sources */,
				A0D794B92BBF2EB400461DE0 /* ViewController.swift in Sources */,
				A0D794B52BBF2EB400461DE0 /* AppDelegate.swift in Sources */,
				A0D794B72BBF2EB400461DE0 /* SceneDelegate.swift in Sources */,
			);
			runOnlyForDeploymentPostprocessing = 0;
		};
/* End PBXSourcesBuildPhase section */

/* Begin PBXVariantGroup section */
		A0D794BA2BBF2EB400461DE0 /* Main.storyboard */ = {
			isa = PBXVariantGroup;
			children = (
				A0D794BB2BBF2EB400461DE0 /* Base */,
			);
			name = Main.storyboard;
			sourceTree = "<group>";
		};
		A0D794C22BBF2EB600461DE0 /* LaunchScreen.storyboard */ = {
			isa = PBXVariantGroup;
			children = (
				A0D794C32BBF2EB600461DE0 /* Base */,
			);
			name = LaunchScreen.storyboard;
			sourceTree = "<group>";
		};
/* End PBXVariantGroup section */

/* Begin XCBuildConfiguration section */
		A0D794C62BBF2EB600461DE0 /* Debug */ = {
			isa = XCBuildConfiguration;
			buildSettings = {
				ALWAYS_SEARCH_USER_PATHS = NO;
				ASSETCATALOG_COMPILER_GENERATE_SWIFT_ASSET_SYMBOL_EXTENSIONS = YES;
				CLANG_ANALYZER_NONNULL = YES;
				CLANG_ANALYZER_NUMBER_OBJECT_CONVERSION = YES_AGGRESSIVE;
				CLANG_CXX_LANGUAGE_STANDARD = "gnu++20";
				CLANG_ENABLE_MODULES = YES;
				CLANG_ENABLE_OBJC_ARC = YES;
				CLANG_ENABLE_OBJC_WEAK = YES;
				CLANG_WARN_BLOCK_CAPTURE_AUTORELEASING = YES;
				CLANG_WARN_BOOL_CONVERSION = YES;
				CLANG_WARN_COMMA = YES;
				CLANG_WARN_CONSTANT_CONVERSION = YES;
				CLANG_WARN_DEPRECATED_OBJC_IMPLEMENTATIONS = YES;
				CLANG_WARN_DIRECT_OBJC_ISA_USAGE = YES_ERROR;
				CLANG_WARN_DOCUMENTATION_COMMENTS = YES;
				CLANG_WARN_EMPTY_BODY = YES;
				CLANG_WARN_ENUM_CONVERSION = YES;
				CLANG_WARN_INFINITE_RECURSION = YES;
				CLANG_WARN_INT_CONVERSION = YES;
				CLANG_WARN_NON_LITERAL_NULL_CONVERSION = YES;
				CLANG_WARN_OBJC_IMPLICIT_RETAIN_SELF = YES;
				CLANG_WARN_OBJC_LITERAL_CONVERSION = YES;
				CLANG_WARN_OBJC_ROOT_CLASS = YES_ERROR;
				CLANG_WARN_QUOTED_INCLUDE_IN_FRAMEWORK_HEADER = YES;
				CLANG_WARN_RANGE_LOOP_ANALYSIS = YES;
				CLANG_WARN_STRICT_PROTOTYPES = YES;
				CLANG_WARN_SUSPICIOUS_MOVE = YES;
				CLANG_WARN_UNGUARDED_AVAILABILITY = YES_AGGRESSIVE;
				CLANG_WARN_UNREACHABLE_CODE = YES;
				CLANG_WARN__DUPLICATE_METHOD_MATCH = YES;
				COPY_PHASE_STRIP = NO;
				DEBUG_INFORMATION_FORMAT = dwarf;
				ENABLE_STRICT_OBJC_MSGSEND = YES;
				ENABLE_TESTABILITY = YES;
				ENABLE_USER_SCRIPT_SANDBOXING = YES;
				GCC_C_LANGUAGE_STANDARD = gnu17;
				GCC_DYNAMIC_NO_PIC = NO;
				GCC_NO_COMMON_BLOCKS = YES;
				GCC_OPTIMIZATION_LEVEL = 0;
				GCC_PREPROCESSOR_DEFINITIONS = (
					"DEBUG=1",
					"$(inherited)",
				);
				GCC_WARN_64_TO_32_BIT_CONVERSION = YES;
				GCC_WARN_ABOUT_RETURN_TYPE = YES_ERROR;
				GCC_WARN_UNDECLARED_SELECTOR = YES;
				GCC_WARN_UNINITIALIZED_AUTOS = YES_AGGRESSIVE;
				GCC_WARN_UNUSED_FUNCTION = YES;
				GCC_WARN_UNUSED_VARIABLE = YES;
				IPHONEOS_DEPLOYMENT_TARGET = 17.4;
				LOCALIZATION_PREFERS_STRING_CATALOGS = YES;
				MTL_ENABLE_DEBUG_INFO = INCLUDE_SOURCE;
				MTL_FAST_MATH = YES;
				ONLY_ACTIVE_ARCH = YES;
				SDKROOT = iphoneos;
				SWIFT_ACTIVE_COMPILATION_CONDITIONS = "DEBUG $(inherited)";
				SWIFT_OPTIMIZATION_LEVEL = "-Onone";
			};
			name = Debug;
		};
		A0D794C72BBF2EB600461DE0 /* Release */ = {
			isa = XCBuildConfiguration;
			buildSettings = {
				ALWAYS_SEARCH_USER_PATHS = NO;
				ASSETCATALOG_COMPILER_GENERATE_SWIFT_ASSET_SYMBOL_EXTENSIONS = YES;
				CLANG_ANALYZER_NONNULL = YES;
				CLANG_ANALYZER_NUMBER_OBJECT_CONVERSION = YES_AGGRESSIVE;
				CLANG_CXX_LANGUAGE_STANDARD = "gnu++20";
				CLANG_ENABLE_MODULES = YES;
				CLANG_ENABLE_OBJC_ARC = YES;
				CLANG_ENABLE_OBJC_WEAK = YES;
				CLANG_WARN_BLOCK_CAPTURE_AUTORELEASING = YES;
				CLANG_WARN_BOOL_CONVERSION = YES;
				CLANG_WARN_COMMA = YES;
				CLANG_WARN_CONSTANT_CONVERSION = YES;
				CLANG_WARN_DEPRECATED_OBJC_IMPLEMENTATIONS = YES;
				CLANG_WARN_DIRECT_OBJC_ISA_USAGE = YES_ERROR;
				CLANG_WARN_DOCUMENTATION_COMMENTS = YES;
				CLANG_WARN_EMPTY_BODY = YES;
				CLANG_WARN_ENUM_CONVERSION = YES;
				CLANG_WARN_INFINITE_RECURSION = YES;
				CLANG_WARN_INT_CONVERSION = YES;
				CLANG_WARN_NON_LITERAL_NULL_CONVERSION = YES;
				CLANG_WARN_OBJC_IMPLICIT_RETAIN_SELF = YES;
				CLANG_WARN_OBJC_LITERAL_CONVERSION = YES;
				CLANG_WARN_OBJC_ROOT_CLASS = YES_ERROR;
				CLANG_WARN_QUOTED_INCLUDE_IN_FRAMEWORK_HEADER = YES;
				CLANG_WARN_RANGE_LOOP_ANALYSIS = YES;
				CLANG_WARN_STRICT_PROTOTYPES = YES;
				CLANG_WARN_SUSPICIOUS_MOVE = YES;
				CLANG_WARN_UNGUARDED_AVAILABILITY = YES_AGGRESSIVE;
				CLANG_WARN_UNREACHABLE_CODE = YES;
				CLANG_WARN__DUPLICATE_METHOD_MATCH = YES;
				COPY_PHASE_STRIP = NO;
				DEBUG_INFORMATION_FORMAT = "dwarf-with-dsym";
				ENABLE_NS_ASSERTIONS = NO;
				ENABLE_STRICT_OBJC_MSGSEND = YES;
				ENABLE_USER_SCRIPT_SANDBOXING = YES;
				GCC_C_LANGUAGE_STANDARD = gnu17;
				GCC_NO_COMMON_BLOCKS = YES;
				GCC_WARN_64_TO_32_BIT_CONVERSION = YES;
				GCC_WARN_ABOUT_RETURN_TYPE = YES_ERROR;
				GCC_WARN_UNDECLARED_SELECTOR = YES;
				GCC_WARN_UNINITIALIZED_AUTOS = YES_AGGRESSIVE;
				GCC_WARN_UNUSED_FUNCTION = YES;
				GCC_WARN_UNUSED_VARIABLE = YES;
				IPHONEOS_DEPLOYMENT_TARGET = 17.4;
				LOCALIZATION_PREFERS_STRING_CATALOGS = YES;
				MTL_ENABLE_DEBUG_INFO = NO;
				MTL_FAST_MATH = YES;
				SDKROOT = iphoneos;
				SWIFT_COMPILATION_MODE = wholemodule;
				VALIDATE_PRODUCT = YES;
			};
			name = Release;
		};
		A0D794C92BBF2EB600461DE0 /* Debug */ = {
			isa = XCBuildConfiguration;
			buildSettings = {
				ASSETCATALOG_COMPILER_APPICON_NAME = AppIcon;
				ASSETCATALOG_COMPILER_GLOBAL_ACCENT_COLOR_NAME = AccentColor;
				CODE_SIGN_STYLE = Automatic;
				CURRENT_PROJECT_VERSION = 1;
				DEVELOPMENT_TEAM = NJJP7TZ447;
				GENERATE_INFOPLIST_FILE = YES;
				INFOPLIST_FILE = alpha/Info.plist;
				INFOPLIST_KEY_UIApplicationSupportsIndirectInputEvents = YES;
				INFOPLIST_KEY_UILaunchStoryboardName = LaunchScreen;
				INFOPLIST_KEY_UIMainStoryboardFile = Main;
				INFOPLIST_KEY_UISupportedInterfaceOrientations_iPad = "UIInterfaceOrientationPortrait UIInterfaceOrientationPortraitUpsideDown UIInterfaceOrientationLandscapeLeft UIInterfaceOrientationLandscapeRight";
				INFOPLIST_KEY_UISupportedInterfaceOrientations_iPhone = "UIInterfaceOrientationPortrait UIInterfaceOrientationLandscapeLeft UIInterfaceOrientationLandscapeRight";
				LD_RUNPATH_SEARCH_PATHS = (
					"$(inherited)",
					"@executable_path/Frameworks",
				);
				MARKETING_VERSION = 1.0;
				PRODUCT_BUNDLE_IDENTIFIER = id.co.pokemon.alpha;
				PRODUCT_NAME = "$(TARGET_NAME)";
				SWIFT_EMIT_LOC_STRINGS = YES;
				SWIFT_VERSION = 5.0;
				TARGETED_DEVICE_FAMILY = "1,2";
			};
			name = Debug;
		};
		A0D794CA2BBF2EB600461DE0 /* Release */ = {
			isa = XCBuildConfiguration;
			buildSettings = {
				ASSETCATALOG_COMPILER_APPICON_NAME = AppIcon;
				ASSETCATALOG_COMPILER_GLOBAL_ACCENT_COLOR_NAME = AccentColor;
				CODE_SIGN_STYLE = Automatic;
				CURRENT_PROJECT_VERSION = 1;
				DEVELOPMENT_TEAM = NJJP7TZ447;
				GENERATE_INFOPLIST_FILE = YES;
				INFOPLIST_FILE = alpha/Info.plist;
				INFOPLIST_KEY_UIApplicationSupportsIndirectInputEvents = YES;
				INFOPLIST_KEY_UILaunchStoryboardName = LaunchScreen;
				INFOPLIST_KEY_UIMainStoryboardFile = Main;
				INFOPLIST_KEY_UISupportedInterfaceOrientations_iPad = "UIInterfaceOrientationPortrait UIInterfaceOrientationPortraitUpsideDown UIInterfaceOrientationLandscapeLeft UIInterfaceOrientationLandscapeRight";
				INFOPLIST_KEY_UISupportedInterfaceOrientations_iPhone = "UIInterfaceOrientationPortrait UIInterfaceOrientationLandscapeLeft UIInterfaceOrientationLandscapeRight";
				LD_RUNPATH_SEARCH_PATHS = (
					"$(inherited)",
					"@executable_path/Frameworks",
				);
				MARKETING_VERSION = 1.0;
				PRODUCT_BUNDLE_IDENTIFIER = id.co.pokemon.alpha;
				PRODUCT_NAME = "$(TARGET_NAME)";
				SWIFT_EMIT_LOC_STRINGS = YES;
				SWIFT_VERSION = 5.0;
				TARGETED_DEVICE_FAMILY = "1,2";
			};
			name = Release;
		};
/* End XCBuildConfiguration section */

/* Begin XCConfigurationList section */
		A0D794AC2BBF2EB400461DE0 /* Build configuration list for PBXProject "alpha" */ = {
			isa = XCConfigurationList;
			buildConfigurations = (
				A0D794C62BBF2EB600461DE0 /* Debug */,
				A0D794C72BBF2EB600461DE0 /* Release */,
			);
			defaultConfigurationIsVisible = 0;
			defaultConfigurationName = Release;
		};
		A0D794C82BBF2EB600461DE0 /* Build configuration list for PBXNativeTarget "alpha" */ = {
			isa = XCConfigurationList;
			buildConfigurations = (
				A0D794C92BBF2EB600461DE0 /* Debug */,
				A0D794CA2BBF2EB600461DE0 /* Release */,
			);
			defaultConfigurationIsVisible = 0;
			defaultConfigurationName = Release;
		};
/* End XCConfigurationList section */

/* Begin XCVersionGroup section */
		A0D794BD2BBF2EB400461DE0 /* alpha.xcdatamodeld */ = {
			isa = XCVersionGroup;
			children = (
				A0D794BE2BBF2EB400461DE0 /* alpha.xcdatamodel */,
			);
			currentVersion = A0D794BE2BBF2EB400461DE0 /* alpha.xcdatamodel */;
			path = alpha.xcdatamodeld;
			sourceTree = "<group>";
			versionGroupType = wrapper.xcdatamodel;
		};
/* End XCVersionGroup section */
	};
	rootObject = A0D794A92BBF2EB400461DE0 /* Project object */;
}
